
Microsoft Visual Studio Solution File, Format Version 11.00
# Visual Studio 2010
Project("{8BC9CEB8-8B4A-11D0-8D11-00A0C91BC942}") = "demo", "demo\demo.vcxproj", "{8BEF2A67-5265-47C5-956D-9D75F9CA9BE5}"
EndProject
Project("{8BC9CEB8-8B4A-11D0-8D11-00A0C91BC942}") = "benchmarkscan", "benchmarkscan\benchmarkscan.vcxproj", "{0A03DEEC-A431-4157-9ACF-ED35BF105ACB}"
EndProject
Project("{8BC9CEB8-8B4A-11D0-8D11-00A0C91BC942}") = "benchmarkmerge", "benchmarkmerge\benchmarkmerge.vcxproj", "{905BC3E3-EAD3-4CCE-B070-20D848C0C141}"
EndProject
Project("{8BC9CEB8-8B4A-11D0-8D11-00A0C91BC942}") = "benchmarksort", "benchmarksort\benchmarksort.vcxproj", "{E17F3CBC-36E3-4009-836C-07EF5580E89E}"
EndProject
Project("{8BC9CEB8-8B4A-11D0-8D11-00A0C91BC942}") = "benchmarksegsort", "benchmarksegsort\benchmarksegsort.vcxproj", "{9BDCBF91-9F3D-43DB-A9BD-8DEA4D21DE0D}"
EndProject
Project("{8BC9CEB8-8B4A-11D0-8D11-00A0C91BC942}") = "benchmarkinsert", "benchmarkinsert\benchmarkinsert.vcxproj", "{29BD330F-98E0-4BDD-886E-94F6FEBD9EC4}"
EndProject
Project("{8BC9CEB8-8B4A-11D0-8D11-00A0C91BC942}") = "benchmarklocalitysort", "benchmarklocalitysort\benchmarklocalitysort.vcxproj", "{B3DA402C-3F2F-48CC-A01B-70D86E58A18B}"
EndProject
Project("{8BC9CEB8-8B4A-11D0-8D11-00A0C91BC942}") = "benchmarksortedsearch", "benchmarksortedsearch\benchmarksortedsearch.vcxproj", "{B9E19347-87B5-48F3-B1DF-B3C6001E2092}"
EndProject
Project("{8BC9CEB8-8B4A-11D0-8D11-00A0C91BC942}") = "benchmarkintervalmove", "benchmarkintervalmove\benchmarkintervalmove.vcxproj", "{4613B84C-3ABD-4936-8DE6-8DF877535ACC}"
EndProject
Project("{8BC9CEB8-8B4A-11D0-8D11-00A0C91BC942}") = "benchmarkloadbalance", "benchmarkloadbalance\benchmarkloadbalance.vcxproj", "{2DF3DC17-D649-47BC-A1D6-0B0FFC63FE43}"
EndProject
Project("{8BC9CEB8-8B4A-11D0-8D11-00A0C91BC942}") = "benchmarklaunchbox", "benchmarklaunchbox\benchmarklaunchbox.vcxproj", "{D616E160-FF6B-41FE-89D2-C37665DE1F03}"
EndProject
Project("{8BC9CEB8-8B4A-11D0-8D11-00A0C91BC942}") = "benchmarkjoin", "benchmarkjoin\benchmarkjoin.vcxproj", "{4D67DCAE-FFC3-4AE9-8C01-58C01FA61BC6}"
EndProject
Project("{8BC9CEB8-8B4A-11D0-8D11-00A0C91BC942}") = "benchmarksets", "benchmarksets\benchmarksets.vcxproj", "{DFE232C6-1048-4A3E-B40F-024D343F7DF3}"
EndProject
Project("{8BC9CEB8-8B4A-11D0-8D11-00A0C91BC942}") = "testlaunchbox", "testlaunchbox\testlaunchbox.vcxproj", "{6E687263-9226-403F-A5E5-09271AEFC80B}"
EndProject
Project("{8BC9CEB8-8B4A-11D0-8D11-00A0C91BC942}") = "parallelmerge", "parallelmerge\parallelmerge.vcxproj", "{FE6C81A8-D9D0-4C64-A613-C1262BCB4A78}"
EndProject
Project("{8BC9CEB8-8B4A-11D0-8D11-00A0C91BC942}") = "benchmarksegreduce", "benchmarksegreduce\benchmarksegreduce.vcxproj", "{B6AB54C9-299B-4074-A3CC-F5E623BBB722}"
EndProject
Project("{8BC9CEB8-8B4A-11D0-8D11-00A0C91BC942}") = "benchmarkspmvcsr", "benchmarkspmvcsr\benchmarkspmvcsr.vcxproj", "{5DE612EC-011C-4825-95F5-9103940D83C6}"
EndProject
Project("{8BC9CEB8-8B4A-11D0-8D11-00A0C91BC942}") = "benchmarkreducebykey", "benchmarkreducebykey\benchmarkreducebykey.vcxproj", "{CAF83096-EA6E-4914-8A7B-D8A803E0CF66}"
EndProject
Project("{8BC9CEB8-8B4A-11D0-8D11-00A0C91BC942}") = "testsegsortbyflags", "testsegsortbyflags\testsegsortbyflags.vcxproj", "{8E67A375-A4A0-4A1F-A928-9EDE83563405}"
EndProject
Global
	GlobalSection(SolutionConfigurationPlatforms) = preSolution
		Debug|Win32 = Debug|Win32
		Debug|x64 = Debug|x64
		Release|Win32 = Release|Win32
		Release|x64 = Release|x64
	EndGlobalSection
	GlobalSection(ProjectConfigurationPlatforms) = postSolution
		{8BEF2A67-5265-47C5-956D-9D75F9CA9BE5}.Debug|Win32.ActiveCfg = Debug|Win32
		{8BEF2A67-5265-47C5-956D-9D75F9CA9BE5}.Debug|x64.ActiveCfg = Debug|x64
		{8BEF2A67-5265-47C5-956D-9D75F9CA9BE5}.Release|Win32.ActiveCfg = Release|Win32
		{8BEF2A67-5265-47C5-956D-9D75F9CA9BE5}.Release|x64.ActiveCfg = Release|x64
		{0A03DEEC-A431-4157-9ACF-ED35BF105ACB}.Debug|Win32.ActiveCfg = Debug|Win32
		{0A03DEEC-A431-4157-9ACF-ED35BF105ACB}.Debug|x64.ActiveCfg = Debug|x64
		{0A03DEEC-A431-4157-9ACF-ED35BF105ACB}.Release|Win32.ActiveCfg = Release|Win32
		{0A03DEEC-A431-4157-9ACF-ED35BF105ACB}.Release|x64.ActiveCfg = Release|x64
		{905BC3E3-EAD3-4CCE-B070-20D848C0C141}.Debug|Win32.ActiveCfg = Debug|Win32
		{905BC3E3-EAD3-4CCE-B070-20D848C0C141}.Debug|x64.ActiveCfg = Debug|x64
		{905BC3E3-EAD3-4CCE-B070-20D848C0C141}.Release|Win32.ActiveCfg = Release|Win32
		{905BC3E3-EAD3-4CCE-B070-20D848C0C141}.Release|x64.ActiveCfg = Release|x64
		{E17F3CBC-36E3-4009-836C-07EF5580E89E}.Debug|Win32.ActiveCfg = Debug|Win32
		{E17F3CBC-36E3-4009-836C-07EF5580E89E}.Debug|x64.ActiveCfg = Debug|x64
		{E17F3CBC-36E3-4009-836C-07EF5580E89E}.Release|Win32.ActiveCfg = Release|Win32
		{E17F3CBC-36E3-4009-836C-07EF5580E89E}.Release|x64.ActiveCfg = Release|x64
		{9BDCBF91-9F3D-43DB-A9BD-8DEA4D21DE0D}.Debug|Win32.ActiveCfg = Debug|Win32
		{9BDCBF91-9F3D-43DB-A9BD-8DEA4D21DE0D}.Debug|x64.ActiveCfg = Debug|x64
		{9BDCBF91-9F3D-43DB-A9BD-8DEA4D21DE0D}.Release|Win32.ActiveCfg = Release|Win32
		{9BDCBF91-9F3D-43DB-A9BD-8DEA4D21DE0D}.Release|x64.ActiveCfg = Release|x64
		{9BDCBF91-9F3D-43DB-A9BD-8DEA4D21DE0D}.Release|x64.Build.0 = Release|x64
		{29BD330F-98E0-4BDD-886E-94F6FEBD9EC4}.Debug|Win32.ActiveCfg = Debug|Win32
		{29BD330F-98E0-4BDD-886E-94F6FEBD9EC4}.Debug|x64.ActiveCfg = Debug|x64
		{29BD330F-98E0-4BDD-886E-94F6FEBD9EC4}.Release|Win32.ActiveCfg = Release|Win32
		{29BD330F-98E0-4BDD-886E-94F6FEBD9EC4}.Release|x64.ActiveCfg = Release|x64
		{B3DA402C-3F2F-48CC-A01B-70D86E58A18B}.Debug|Win32.ActiveCfg = Debug|Win32
		{B3DA402C-3F2F-48CC-A01B-70D86E58A18B}.Debug|x64.ActiveCfg = Debug|x64
		{B3DA402C-3F2F-48CC-A01B-70D86E58A18B}.Release|Win32.ActiveCfg = Release|Win32
		{B3DA402C-3F2F-48CC-A01B-70D86E58A18B}.Release|x64.ActiveCfg = Release|x64
		{B9E19347-87B5-48F3-B1DF-B3C6001E2092}.Debug|Win32.ActiveCfg = Debug|Win32
		{B9E19347-87B5-48F3-B1DF-B3C6001E2092}.Debug|x64.ActiveCfg = Debug|x64
		{B9E19347-87B5-48F3-B1DF-B3C6001E2092}.Release|Win32.ActiveCfg = Release|Win32
		{B9E19347-87B5-48F3-B1DF-B3C6001E2092}.Release|x64.ActiveCfg = Release|x64
		{4613B84C-3ABD-4936-8DE6-8DF877535ACC}.Debug|Win32.ActiveCfg = Debug|Win32
		{4613B84C-3ABD-4936-8DE6-8DF877535ACC}.Debug|x64.ActiveCfg = Debug|x64
		{4613B84C-3ABD-4936-8DE6-8DF877535ACC}.Release|Win32.ActiveCfg = Release|Win32
		{4613B84C-3ABD-4936-8DE6-8DF877535ACC}.Release|x64.ActiveCfg = Release|x64
		{2DF3DC17-D649-47BC-A1D6-0B0FFC63FE43}.Debug|Win32.ActiveCfg = Debug|Win32
		{2DF3DC17-D649-47BC-A1D6-0B0FFC63FE43}.Debug|x64.ActiveCfg = Debug|x64
		{2DF3DC17-D649-47BC-A1D6-0B0FFC63FE43}.Release|Win32.ActiveCfg = Release|Win32
		{2DF3DC17-D649-47BC-A1D6-0B0FFC63FE43}.Release|x64.ActiveCfg = Release|x64
		{D616E160-FF6B-41FE-89D2-C37665DE1F03}.Debug|Win32.ActiveCfg = Debug|Win32
		{D616E160-FF6B-41FE-89D2-C37665DE1F03}.Debug|x64.ActiveCfg = Debug|x64
		{D616E160-FF6B-41FE-89D2-C37665DE1F03}.Release|Win32.ActiveCfg = Release|Win32
		{D616E160-FF6B-41FE-89D2-C37665DE1F03}.Release|x64.ActiveCfg = Release|x64
		{4D67DCAE-FFC3-4AE9-8C01-58C01FA61BC6}.Debug|Win32.ActiveCfg = Debug|Win32
		{4D67DCAE-FFC3-4AE9-8C01-58C01FA61BC6}.Debug|x64.ActiveCfg = Debug|x64
		{4D67DCAE-FFC3-4AE9-8C01-58C01FA61BC6}.Release|Win32.ActiveCfg = Release|Win32
		{4D67DCAE-FFC3-4AE9-8C01-58C01FA61BC6}.Release|x64.ActiveCfg = Release|x64
		{DFE232C6-1048-4A3E-B40F-024D343F7DF3}.Debug|Win32.ActiveCfg = Debug|Win32
		{DFE232C6-1048-4A3E-B40F-024D343F7DF3}.Debug|x64.ActiveCfg = Debug|x64
		{DFE232C6-1048-4A3E-B40F-024D343F7DF3}.Release|Win32.ActiveCfg = Release|Win32
		{DFE232C6-1048-4A3E-B40F-024D343F7DF3}.Release|x64.ActiveCfg = Release|x64
		{6E687263-9226-403F-A5E5-09271AEFC80B}.Debug|Win32.ActiveCfg = Debug|Win32
		{6E687263-9226-403F-A5E5-09271AEFC80B}.Debug|x64.ActiveCfg = Debug|x64
		{6E687263-9226-403F-A5E5-09271AEFC80B}.Release|Win32.ActiveCfg = Release|Win32
		{6E687263-9226-403F-A5E5-09271AEFC80B}.Release|x64.ActiveCfg = Release|x64
		{FE6C81A8-D9D0-4C64-A613-C1262BCB4A78}.Debug|Win32.ActiveCfg = Debug|Win32
		{FE6C81A8-D9D0-4C64-A613-C1262BCB4A78}.Debug|x64.ActiveCfg = Debug|x64
		{FE6C81A8-D9D0-4C64-A613-C1262BCB4A78}.Release|Win32.ActiveCfg = Release|Win32
		{FE6C81A8-D9D0-4C64-A613-C1262BCB4A78}.Release|x64.ActiveCfg = Release|x64
		{B6AB54C9-299B-4074-A3CC-F5E623BBB722}.Debug|Win32.ActiveCfg = Debug|Win32
		{B6AB54C9-299B-4074-A3CC-F5E623BBB722}.Debug|x64.ActiveCfg = Debug|Win32
		{B6AB54C9-299B-4074-A3CC-F5E623BBB722}.Release|Win32.ActiveCfg = Release|Win32
		{B6AB54C9-299B-4074-A3CC-F5E623BBB722}.Release|Win32.Build.0 = Release|Win32
		{B6AB54C9-299B-4074-A3CC-F5E623BBB722}.Release|x64.ActiveCfg = Release|Win32
		{5DE612EC-011C-4825-95F5-9103940D83C6}.Debug|Win32.ActiveCfg = Debug|Win32
		{5DE612EC-011C-4825-95F5-9103940D83C6}.Debug|x64.ActiveCfg = Debug|Win32
		{5DE612EC-011C-4825-95F5-9103940D83C6}.Release|Win32.ActiveCfg = Release|Win32
		{5DE612EC-011C-4825-95F5-9103940D83C6}.Release|x64.ActiveCfg = Release|Win32
		{CAF83096-EA6E-4914-8A7B-D8A803E0CF66}.Debug|Win32.ActiveCfg = Debug|Win32
		{CAF83096-EA6E-4914-8A7B-D8A803E0CF66}.Debug|Win32.Build.0 = Debug|Win32
		{CAF83096-EA6E-4914-8A7B-D8A803E0CF66}.Debug|x64.ActiveCfg = Debug|Win32
		{CAF83096-EA6E-4914-8A7B-D8A803E0CF66}.Release|Win32.ActiveCfg = Release|Win32
		{CAF83096-EA6E-4914-8A7B-D8A803E0CF66}.Release|x64.ActiveCfg = Release|Win32
		{8E67A375-A4A0-4A1F-A928-9EDE83563405}.Debug|Win32.ActiveCfg = Debug|Win32
		{8E67A375-A4A0-4A1F-A928-9EDE83563405}.Debug|x64.ActiveCfg = Debug|Win32
		{8E67A375-A4A0-4A1F-A928-9EDE83563405}.Release|Win32.ActiveCfg = Release|Win32
		{8E67A375-A4A0-4A1F-A928-9EDE83563405}.Release|Win32.Build.0 = Release|Win32
		{8E67A375-A4A0-4A1F-A928-9EDE83563405}.Release|x64.ActiveCfg = Release|Win32
	EndGlobalSection
	GlobalSection(SolutionProperties) = preSolution
		HideSolutionNode = FALSE
	EndGlobalSection
EndGlobal
