<?xml version="1.0" encoding="utf-8"?>
<Project ToolsVersion="4.0" xmlns="http://schemas.microsoft.com/developer/msbuild/2003">
  <ItemGroup>
    <CudaCompile Include="benchmarksort.cu" />
    <CudaCompile Include="..\src\mgpucontext.cu" />
  </ItemGroup>
  <ItemGroup>
    <ClCompile Include="..\src\mgpuutil.cpp" />
  </ItemGroup>
</Project>