<?xml version="1.0" encoding="utf-8"?>
<Project ToolsVersion="4.0" xmlns="http://schemas.microsoft.com/developer/msbuild/2003">
  <ItemGroup>
    <Filter Include="device">
      <UniqueIdentifier>{0c824e66-4efa-4590-9644-e0370995cc43}</UniqueIdentifier>
    </Filter>
    <Filter Include="kernels">
      <UniqueIdentifier>{6ea6dfd7-b9b5-45d9-89a4-1c05dda164ab}</UniqueIdentifier>
    </Filter>
    <Filter Include="util">
      <UniqueIdentifier>{c9615d0a-dde9-4720-a6c3-7fd0c80d4613}</UniqueIdentifier>
    </Filter>
  </ItemGroup>
  <ItemGroup>
    <None Include="..\include\device\ctaloadbalance.cuh">
      <Filter>device</Filter>
    </None>
    <None Include="..\include\device\ctamerge.cuh">
      <Filter>device</Filter>
    </None>
    <None Include="..\include\device\ctascan.cuh">
      <Filter>device</Filter>
    </None>
    <None Include="..\include\device\ctasearch.cuh">
      <Filter>device</Filter>
    </None>
    <None Include="..\include\device\ctasegsort.cuh">
      <Filter>device</Filter>
    </None>
    <None Include="..\include\device\ctasortedsearch.cuh">
      <Filter>device</Filter>
    </None>
    <None Include="..\include\device\deviceutil.cuh">
      <Filter>device</Filter>
    </None>
    <None Include="..\include\device\intrinsics.cuh">
      <Filter>device</Filter>
    </None>
    <None Include="..\include\device\launchbox.cuh">
      <Filter>device</Filter>
    </None>
    <None Include="..\include\device\loadstore.cuh">
      <Filter>device</Filter>
    </None>
    <None Include="..\include\device\serialsets.cuh">
      <Filter>device</Filter>
    </None>
    <None Include="..\include\device\sortnetwork.cuh">
      <Filter>device</Filter>
    </None>
    <None Include="..\include\kernels\bulkinsert.cuh">
      <Filter>kernels</Filter>
    </None>
    <None Include="..\include\kernels\bulkremove.cuh">
      <Filter>kernels</Filter>
    </None>
    <None Include="..\include\kernels\intervalmove.cuh">
      <Filter>kernels</Filter>
    </None>
    <None Include="..\include\kernels\join.cuh">
      <Filter>kernels</Filter>
    </None>
    <None Include="..\include\kernels\loadbalance.cuh">
      <Filter>kernels</Filter>
    </None>
    <None Include="..\include\kernels\localitysort.cuh">
      <Filter>kernels</Filter>
    </None>
    <None Include="..\include\kernels\merge.cuh">
      <Filter>kernels</Filter>
    </None>
    <None Include="..\include\kernels\mergesort.cuh">
      <Filter>kernels</Filter>
    </None>
    <None Include="..\include\kernels\reduce.cuh">
      <Filter>kernels</Filter>
    </None>
    <None Include="..\include\kernels\scan.cuh">
      <Filter>kernels</Filter>
    </None>
    <None Include="..\include\kernels\search.cuh">
      <Filter>kernels</Filter>
    </None>
    <None Include="..\include\kernels\segmentedsort.cuh">
      <Filter>kernels</Filter>
    </None>
    <None Include="..\include\kernels\sets.cuh">
      <Filter>kernels</Filter>
    </None>
    <None Include="..\include\kernels\sortedsearch.cuh">
      <Filter>kernels</Filter>
    </None>
    <None Include="..\include\device\ctasegscan.cuh">
      <Filter>device</Filter>
    </None>
    <None Include="..\include\device\devicetypes.cuh">
      <Filter>device</Filter>
    </None>
    <None Include="..\include\kernels\cubradixsort.cuh">
      <Filter>kernels</Filter>
    </None>
    <None Include="..\include\device\ctasegreduce.cuh">
      <Filter>device</Filter>
    </None>
    <None Include="..\include\kernels\segreduce.cuh">
      <Filter>kernels</Filter>
    </None>
    <None Include="..\include\kernels\segreducecsr.cuh">
      <Filter>kernels</Filter>
    </None>
    <None Include="..\include\kernels\reducebykey.cuh">
      <Filter>kernels</Filter>
    </None>
    <None Include="..\include\kernels\spmvcsr.cuh">
      <Filter>kernels</Filter>
    </None>
    <None Include="..\include\kernels\csrtools.cuh">
      <Filter>kernels</Filter>
    </None>
  </ItemGroup>
  <ItemGroup>
    <ClInclude Include="..\include\util\format.h">
      <Filter>util</Filter>
    </ClInclude>
    <ClInclude Include="..\include\util\mgpucontext.h">
      <Filter>util</Filter>
    </ClInclude>
    <ClInclude Include="..\include\util\static.h">
      <Filter>util</Filter>
    </ClInclude>
    <ClInclude Include="..\include\util\util.h">
      <Filter>util</Filter>
    </ClInclude>
    <ClInclude Include="..\include\util\mgpualloc.h">
      <Filter>util</Filter>
    </ClInclude>
  </ItemGroup>
  <ItemGroup>
    <CudaCompile Include="demo.cu" />
    <CudaCompile Include="..\src\mgpucontext.cu" />
  </ItemGroup>
  <ItemGroup>
    <ClCompile Include="..\src\mgpuutil.cpp" />
  </ItemGroup>
</Project>